
Microsoft Visual Studio Solution File, Format Version 12.00
# Visual Studio Version 17
VisualStudioVersion = 17.1.32328.378
MinimumVisualStudioVersion = 10.0.40219.1
Project("{FAE04EC0-301F-11D3-BF4B-00C04F79EFBC}") = "string_cleaner", "string_cleaner\string_cleaner.csproj", "{15AE8F2B-CF65-47BF-8764-55575E6C1DC9}"
EndProject
Project("{FAE04EC0-301F-11D3-BF4B-00C04F79EFBC}") = "Sting_Cleaner_Tests", "Sting_Cleaner_Tests\Sting_Cleaner_Tests.csproj", "{32A3BFC9-584C-4F43-8D00-42915FB5A4AF}"
EndProject
Global
	GlobalSection(SolutionConfigurationPlatforms) = preSolution
		Debug|Any CPU = Debug|Any CPU
		Release|Any CPU = Release|Any CPU
	EndGlobalSection
	GlobalSection(ProjectConfigurationPlatforms) = postSolution
		{15AE8F2B-CF65-47BF-8764-55575E6C1DC9}.Debug|Any CPU.ActiveCfg = Debug|Any CPU
		{15AE8F2B-CF65-47BF-8764-55575E6C1DC9}.Debug|Any CPU.Build.0 = Debug|Any CPU
		{15AE8F2B-CF65-47BF-8764-55575E6C1DC9}.Release|Any CPU.ActiveCfg = Release|Any CPU
		{15AE8F2B-CF65-47BF-8764-55575E6C1DC9}.Release|Any CPU.Build.0 = Release|Any CPU
		{32A3BFC9-584C-4F43-8D00-42915FB5A4AF}.Debug|Any CPU.ActiveCfg = Debug|Any CPU
		{32A3BFC9-584C-4F43-8D00-42915FB5A4AF}.Debug|Any CPU.Build.0 = Debug|Any CPU
		{32A3BFC9-584C-4F43-8D00-42915FB5A4AF}.Release|Any CPU.ActiveCfg = Release|Any CPU
		{32A3BFC9-584C-4F43-8D00-42915FB5A4AF}.Release|Any CPU.Build.0 = Release|Any CPU
	EndGlobalSection
	GlobalSection(SolutionProperties) = preSolution
		HideSolutionNode = FALSE
	EndGlobalSection
	GlobalSection(ExtensibilityGlobals) = postSolution
		SolutionGuid = {932FFD91-5C85-4608-83D9-503BC13C3D73}
	EndGlobalSection
EndGlobal
